
Microsoft Visual Studio Solution File, Format Version 12.00
# Visual Studio Version 16
VisualStudioVersion = 16.0.33130.400
MinimumVisualStudioVersion = 10.0.40219.1
Project("{8BC9CEB8-8B4A-11D0-8D11-00A0C91BC942}") = "VectorCapacity", "VectorCapacity\VectorCapacity.vcxproj", "{6A3FD8C8-D418-4B1B-9035-C9E5ACF57568}"
EndProject
Global
	GlobalSection(SolutionConfigurationPlatforms) = preSolution
		Debug|x64 = Debug|x64
		Debug|x86 = Debug|x86
		Release|x64 = Release|x64
		Release|x86 = Release|x86
	EndGlobalSection
	GlobalSection(ProjectConfigurationPlatforms) = postSolution
		{6A3FD8C8-D418-4B1B-9035-C9E5ACF57568}.Debug|x64.ActiveCfg = Debug|x64
		{6A3FD8C8-D418-4B1B-9035-C9E5ACF57568}.Debug|x64.Build.0 = Debug|x64
		{6A3FD8C8-D418-4B1B-9035-C9E5ACF57568}.Debug|x86.ActiveCfg = Debug|Win32
		{6A3FD8C8-D418-4B1B-9035-C9E5ACF57568}.Debug|x86.Build.0 = Debug|Win32
		{6A3FD8C8-D418-4B1B-9035-C9E5ACF57568}.Release|x64.ActiveCfg = Release|x64
		{6A3FD8C8-D418-4B1B-9035-C9E5ACF57568}.Release|x64.Build.0 = Release|x64
		{6A3FD8C8-D418-4B1B-9035-C9E5ACF57568}.Release|x86.ActiveCfg = Release|Win32
		{6A3FD8C8-D418-4B1B-9035-C9E5ACF57568}.Release|x86.Build.0 = Release|Win32
	EndGlobalSection
	GlobalSection(SolutionProperties) = preSolution
		HideSolutionNode = FALSE
	EndGlobalSection
	GlobalSection(ExtensibilityGlobals) = postSolution
		SolutionGuid = {BD9AD3A6-7D1F-4511-987D-3273785BBBA1}
	EndGlobalSection
EndGlobal
